
Microsoft Visual Studio Solution File, Format Version 12.00
# Visual Studio 15
VisualStudioVersion = 15.0.27703.2042
MinimumVisualStudioVersion = 10.0.40219.1
Project("{FAE04EC0-301F-11D3-BF4B-00C04F79EFBC}") = "XamarinMBTA.Android", "XamarinMBTA\XamarinMBTA.Android\XamarinMBTA.Android.csproj", "{3FAADA96-E7A2-4CF2-8E10-F5AA5E5EE4B0}"
EndProject
Project("{FAE04EC0-301F-11D3-BF4B-00C04F79EFBC}") = "XamarinMBTA.iOS", "XamarinMBTA\XamarinMBTA.iOS\XamarinMBTA.iOS.csproj", "{B3B6AABD-1B6A-45E8-B67A-A2DE7A574066}"
EndProject
Project("{FAE04EC0-301F-11D3-BF4B-00C04F79EFBC}") = "XamarinMBTA.UWP", "XamarinMBTA\XamarinMBTA.UWP\XamarinMBTA.UWP.csproj", "{E36A8438-1330-449B-B427-BD86454C77C5}"
EndProject
Project("{FAE04EC0-301F-11D3-BF4B-00C04F79EFBC}") = "XamarinMBTA", "XamarinMBTA\XamarinMBTA\XamarinMBTA.csproj", "{6BF6AAB5-10B1-4FF0-BF0B-D07DA221978D}"
EndProject
Global
	GlobalSection(SolutionConfigurationPlatforms) = preSolution
		Ad-Hoc|Any CPU = Ad-Hoc|Any CPU
		Ad-Hoc|ARM = Ad-Hoc|ARM
		Ad-Hoc|iPhone = Ad-Hoc|iPhone
		Ad-Hoc|iPhoneSimulator = Ad-Hoc|iPhoneSimulator
		Ad-Hoc|x64 = Ad-Hoc|x64
		Ad-Hoc|x86 = Ad-Hoc|x86
		AppStore|Any CPU = AppStore|Any CPU
		AppStore|ARM = AppStore|ARM
		AppStore|iPhone = AppStore|iPhone
		AppStore|iPhoneSimulator = AppStore|iPhoneSimulator
		AppStore|x64 = AppStore|x64
		AppStore|x86 = AppStore|x86
		Debug|Any CPU = Debug|Any CPU
		Debug|ARM = Debug|ARM
		Debug|iPhone = Debug|iPhone
		Debug|iPhoneSimulator = Debug|iPhoneSimulator
		Debug|x64 = Debug|x64
		Debug|x86 = Debug|x86
		Release|Any CPU = Release|Any CPU
		Release|ARM = Release|ARM
		Release|iPhone = Release|iPhone
		Release|iPhoneSimulator = Release|iPhoneSimulator
		Release|x64 = Release|x64
		Release|x86 = Release|x86
	EndGlobalSection
	GlobalSection(ProjectConfigurationPlatforms) = postSolution
		{3FAADA96-E7A2-4CF2-8E10-F5AA5E5EE4B0}.Ad-Hoc|Any CPU.ActiveCfg = Release|Any CPU
		{3FAADA96-E7A2-4CF2-8E10-F5AA5E5EE4B0}.Ad-Hoc|Any CPU.Build.0 = Release|Any CPU
		{3FAADA96-E7A2-4CF2-8E10-F5AA5E5EE4B0}.Ad-Hoc|Any CPU.Deploy.0 = Release|Any CPU
		{3FAADA96-E7A2-4CF2-8E10-F5AA5E5EE4B0}.Ad-Hoc|ARM.ActiveCfg = Release|Any CPU
		{3FAADA96-E7A2-4CF2-8E10-F5AA5E5EE4B0}.Ad-Hoc|ARM.Build.0 = Release|Any CPU
		{3FAADA96-E7A2-4CF2-8E10-F5AA5E5EE4B0}.Ad-Hoc|ARM.Deploy.0 = Release|Any CPU
		{3FAADA96-E7A2-4CF2-8E10-F5AA5E5EE4B0}.Ad-Hoc|iPhone.ActiveCfg = Release|Any CPU
		{3FAADA96-E7A2-4CF2-8E10-F5AA5E5EE4B0}.Ad-Hoc|iPhone.Build.0 = Release|Any CPU
		{3FAADA96-E7A2-4CF2-8E10-F5AA5E5EE4B0}.Ad-Hoc|iPhone.Deploy.0 = Release|Any CPU
		{3FAADA96-E7A2-4CF2-8E10-F5AA5E5EE4B0}.Ad-Hoc|iPhoneSimulator.ActiveCfg = Release|Any CPU
		{3FAADA96-E7A2-4CF2-8E10-F5AA5E5EE4B0}.Ad-Hoc|iPhoneSimulator.Build.0 = Release|Any CPU
		{3FAADA96-E7A2-4CF2-8E10-F5AA5E5EE4B0}.Ad-Hoc|iPhoneSimulator.Deploy.0 = Release|Any CPU
		{3FAADA96-E7A2-4CF2-8E10-F5AA5E5EE4B0}.Ad-Hoc|x64.ActiveCfg = Release|Any CPU
		{3FAADA96-E7A2-4CF2-8E10-F5AA5E5EE4B0}.Ad-Hoc|x64.Build.0 = Release|Any CPU
		{3FAADA96-E7A2-4CF2-8E10-F5AA5E5EE4B0}.Ad-Hoc|x64.Deploy.0 = Release|Any CPU
		{3FAADA96-E7A2-4CF2-8E10-F5AA5E5EE4B0}.Ad-Hoc|x86.ActiveCfg = Release|Any CPU
		{3FAADA96-E7A2-4CF2-8E10-F5AA5E5EE4B0}.Ad-Hoc|x86.Build.0 = Release|Any CPU
		{3FAADA96-E7A2-4CF2-8E10-F5AA5E5EE4B0}.Ad-Hoc|x86.Deploy.0 = Release|Any CPU
		{3FAADA96-E7A2-4CF2-8E10-F5AA5E5EE4B0}.AppStore|Any CPU.ActiveCfg = Release|Any CPU
		{3FAADA96-E7A2-4CF2-8E10-F5AA5E5EE4B0}.AppStore|Any CPU.Build.0 = Release|Any CPU
		{3FAADA96-E7A2-4CF2-8E10-F5AA5E5EE4B0}.AppStore|Any CPU.Deploy.0 = Release|Any CPU
		{3FAADA96-E7A2-4CF2-8E10-F5AA5E5EE4B0}.AppStore|ARM.ActiveCfg = Release|Any CPU
		{3FAADA96-E7A2-4CF2-8E10-F5AA5E5EE4B0}.AppStore|ARM.Build.0 = Release|Any CPU
		{3FAADA96-E7A2-4CF2-8E10-F5AA5E5EE4B0}.AppStore|ARM.Deploy.0 = Release|Any CPU
		{3FAADA96-E7A2-4CF2-8E10-F5AA5E5EE4B0}.AppStore|iPhone.ActiveCfg = Release|Any CPU
		{3FAADA96-E7A2-4CF2-8E10-F5AA5E5EE4B0}.AppStore|iPhone.Build.0 = Release|Any CPU
		{3FAADA96-E7A2-4CF2-8E10-F5AA5E5EE4B0}.AppStore|iPhone.Deploy.0 = Release|Any CPU
		{3FAADA96-E7A2-4CF2-8E10-F5AA5E5EE4B0}.AppStore|iPhoneSimulator.ActiveCfg = Release|Any CPU
		{3FAADA96-E7A2-4CF2-8E10-F5AA5E5EE4B0}.AppStore|iPhoneSimulator.Build.0 = Release|Any CPU
		{3FAADA96-E7A2-4CF2-8E10-F5AA5E5EE4B0}.AppStore|iPhoneSimulator.Deploy.0 = Release|Any CPU
		{3FAADA96-E7A2-4CF2-8E10-F5AA5E5EE4B0}.AppStore|x64.ActiveCfg = Release|Any CPU
		{3FAADA96-E7A2-4CF2-8E10-F5AA5E5EE4B0}.AppStore|x64.Build.0 = Release|Any CPU
		{3FAADA96-E7A2-4CF2-8E10-F5AA5E5EE4B0}.AppStore|x64.Deploy.0 = Release|Any CPU
		{3FAADA96-E7A2-4CF2-8E10-F5AA5E5EE4B0}.AppStore|x86.ActiveCfg = Release|Any CPU
		{3FAADA96-E7A2-4CF2-8E10-F5AA5E5EE4B0}.AppStore|x86.Build.0 = Release|Any CPU
		{3FAADA96-E7A2-4CF2-8E10-F5AA5E5EE4B0}.AppStore|x86.Deploy.0 = Release|Any CPU
		{3FAADA96-E7A2-4CF2-8E10-F5AA5E5EE4B0}.Debug|Any CPU.ActiveCfg = Debug|Any CPU
		{3FAADA96-E7A2-4CF2-8E10-F5AA5E5EE4B0}.Debug|Any CPU.Build.0 = Debug|Any CPU
		{3FAADA96-E7A2-4CF2-8E10-F5AA5E5EE4B0}.Debug|Any CPU.Deploy.0 = Debug|Any CPU
		{3FAADA96-E7A2-4CF2-8E10-F5AA5E5EE4B0}.Debug|ARM.ActiveCfg = Debug|Any CPU
		{3FAADA96-E7A2-4CF2-8E10-F5AA5E5EE4B0}.Debug|ARM.Build.0 = Debug|Any CPU
		{3FAADA96-E7A2-4CF2-8E10-F5AA5E5EE4B0}.Debug|ARM.Deploy.0 = Debug|Any CPU
		{3FAADA96-E7A2-4CF2-8E10-F5AA5E5EE4B0}.Debug|iPhone.ActiveCfg = Debug|Any CPU
		{3FAADA96-E7A2-4CF2-8E10-F5AA5E5EE4B0}.Debug|iPhone.Build.0 = Debug|Any CPU
		{3FAADA96-E7A2-4CF2-8E10-F5AA5E5EE4B0}.Debug|iPhone.Deploy.0 = Debug|Any CPU
		{3FAADA96-E7A2-4CF2-8E10-F5AA5E5EE4B0}.Debug|iPhoneSimulator.ActiveCfg = Debug|Any CPU
		{3FAADA96-E7A2-4CF2-8E10-F5AA5E5EE4B0}.Debug|iPhoneSimulator.Build.0 = Debug|Any CPU
		{3FAADA96-E7A2-4CF2-8E10-F5AA5E5EE4B0}.Debug|iPhoneSimulator.Deploy.0 = Debug|Any CPU
		{3FAADA96-E7A2-4CF2-8E10-F5AA5E5EE4B0}.Debug|x64.ActiveCfg = Debug|Any CPU
		{3FAADA96-E7A2-4CF2-8E10-F5AA5E5EE4B0}.Debug|x64.Build.0 = Debug|Any CPU
		{3FAADA96-E7A2-4CF2-8E10-F5AA5E5EE4B0}.Debug|x64.Deploy.0 = Debug|Any CPU
		{3FAADA96-E7A2-4CF2-8E10-F5AA5E5EE4B0}.Debug|x86.ActiveCfg = Debug|Any CPU
		{3FAADA96-E7A2-4CF2-8E10-F5AA5E5EE4B0}.Debug|x86.Build.0 = Debug|Any CPU
		{3FAADA96-E7A2-4CF2-8E10-F5AA5E5EE4B0}.Debug|x86.Deploy.0 = Debug|Any CPU
		{3FAADA96-E7A2-4CF2-8E10-F5AA5E5EE4B0}.Release|Any CPU.ActiveCfg = Release|Any CPU
		{3FAADA96-E7A2-4CF2-8E10-F5AA5E5EE4B0}.Release|Any CPU.Build.0 = Release|Any CPU
		{3FAADA96-E7A2-4CF2-8E10-F5AA5E5EE4B0}.Release|Any CPU.Deploy.0 = Release|Any CPU
		{3FAADA96-E7A2-4CF2-8E10-F5AA5E5EE4B0}.Release|ARM.ActiveCfg = Release|Any CPU
		{3FAADA96-E7A2-4CF2-8E10-F5AA5E5EE4B0}.Release|ARM.Build.0 = Release|Any CPU
		{3FAADA96-E7A2-4CF2-8E10-F5AA5E5EE4B0}.Release|ARM.Deploy.0 = Release|Any CPU
		{3FAADA96-E7A2-4CF2-8E10-F5AA5E5EE4B0}.Release|iPhone.ActiveCfg = Release|Any CPU
		{3FAADA96-E7A2-4CF2-8E10-F5AA5E5EE4B0}.Release|iPhone.Build.0 = Release|Any CPU
		{3FAADA96-E7A2-4CF2-8E10-F5AA5E5EE4B0}.Release|iPhone.Deploy.0 = Release|Any CPU
		{3FAADA96-E7A2-4CF2-8E10-F5AA5E5EE4B0}.Release|iPhoneSimulator.ActiveCfg = Release|Any CPU
		{3FAADA96-E7A2-4CF2-8E10-F5AA5E5EE4B0}.Release|iPhoneSimulator.Build.0 = Release|Any CPU
		{3FAADA96-E7A2-4CF2-8E10-F5AA5E5EE4B0}.Release|iPhoneSimulator.Deploy.0 = Release|Any CPU
		{3FAADA96-E7A2-4CF2-8E10-F5AA5E5EE4B0}.Release|x64.ActiveCfg = Release|Any CPU
		{3FAADA96-E7A2-4CF2-8E10-F5AA5E5EE4B0}.Release|x64.Build.0 = Release|Any CPU
		{3FAADA96-E7A2-4CF2-8E10-F5AA5E5EE4B0}.Release|x64.Deploy.0 = Release|Any CPU
		{3FAADA96-E7A2-4CF2-8E10-F5AA5E5EE4B0}.Release|x86.ActiveCfg = Release|Any CPU
		{3FAADA96-E7A2-4CF2-8E10-F5AA5E5EE4B0}.Release|x86.Build.0 = Release|Any CPU
		{3FAADA96-E7A2-4CF2-8E10-F5AA5E5EE4B0}.Release|x86.Deploy.0 = Release|Any CPU
		{B3B6AABD-1B6A-45E8-B67A-A2DE7A574066}.Ad-Hoc|Any CPU.ActiveCfg = Ad-Hoc|iPhone
		{B3B6AABD-1B6A-45E8-B67A-A2DE7A574066}.Ad-Hoc|Any CPU.Build.0 = Ad-Hoc|iPhone
		{B3B6AABD-1B6A-45E8-B67A-A2DE7A574066}.Ad-Hoc|Any CPU.Deploy.0 = Ad-Hoc|iPhone
		{B3B6AABD-1B6A-45E8-B67A-A2DE7A574066}.Ad-Hoc|ARM.ActiveCfg = Ad-Hoc|iPhone
		{B3B6AABD-1B6A-45E8-B67A-A2DE7A574066}.Ad-Hoc|ARM.Build.0 = Ad-Hoc|iPhone
		{B3B6AABD-1B6A-45E8-B67A-A2DE7A574066}.Ad-Hoc|ARM.Deploy.0 = Ad-Hoc|iPhone
		{B3B6AABD-1B6A-45E8-B67A-A2DE7A574066}.Ad-Hoc|iPhone.ActiveCfg = Ad-Hoc|iPhone
		{B3B6AABD-1B6A-45E8-B67A-A2DE7A574066}.Ad-Hoc|iPhone.Build.0 = Ad-Hoc|iPhone
		{B3B6AABD-1B6A-45E8-B67A-A2DE7A574066}.Ad-Hoc|iPhone.Deploy.0 = Ad-Hoc|iPhone
		{B3B6AABD-1B6A-45E8-B67A-A2DE7A574066}.Ad-Hoc|iPhoneSimulator.ActiveCfg = Ad-Hoc|iPhoneSimulator
		{B3B6AABD-1B6A-45E8-B67A-A2DE7A574066}.Ad-Hoc|iPhoneSimulator.Build.0 = Ad-Hoc|iPhoneSimulator
		{B3B6AABD-1B6A-45E8-B67A-A2DE7A574066}.Ad-Hoc|iPhoneSimulator.Deploy.0 = Ad-Hoc|iPhoneSimulator
		{B3B6AABD-1B6A-45E8-B67A-A2DE7A574066}.Ad-Hoc|x64.ActiveCfg = Ad-Hoc|iPhone
		{B3B6AABD-1B6A-45E8-B67A-A2DE7A574066}.Ad-Hoc|x64.Build.0 = Ad-Hoc|iPhone
		{B3B6AABD-1B6A-45E8-B67A-A2DE7A574066}.Ad-Hoc|x64.Deploy.0 = Ad-Hoc|iPhone
		{B3B6AABD-1B6A-45E8-B67A-A2DE7A574066}.Ad-Hoc|x86.ActiveCfg = Ad-Hoc|iPhone
		{B3B6AABD-1B6A-45E8-B67A-A2DE7A574066}.Ad-Hoc|x86.Build.0 = Ad-Hoc|iPhone
		{B3B6AABD-1B6A-45E8-B67A-A2DE7A574066}.Ad-Hoc|x86.Deploy.0 = Ad-Hoc|iPhone
		{B3B6AABD-1B6A-45E8-B67A-A2DE7A574066}.AppStore|Any CPU.ActiveCfg = AppStore|iPhone
		{B3B6AABD-1B6A-45E8-B67A-A2DE7A574066}.AppStore|Any CPU.Build.0 = AppStore|iPhone
		{B3B6AABD-1B6A-45E8-B67A-A2DE7A574066}.AppStore|Any CPU.Deploy.0 = AppStore|iPhone
		{B3B6AABD-1B6A-45E8-B67A-A2DE7A574066}.AppStore|ARM.ActiveCfg = AppStore|iPhone
		{B3B6AABD-1B6A-45E8-B67A-A2DE7A574066}.AppStore|ARM.Build.0 = AppStore|iPhone
		{B3B6AABD-1B6A-45E8-B67A-A2DE7A574066}.AppStore|ARM.Deploy.0 = AppStore|iPhone
		{B3B6AABD-1B6A-45E8-B67A-A2DE7A574066}.AppStore|iPhone.ActiveCfg = AppStore|iPhone
		{B3B6AABD-1B6A-45E8-B67A-A2DE7A574066}.AppStore|iPhone.Build.0 = AppStore|iPhone
		{B3B6AABD-1B6A-45E8-B67A-A2DE7A574066}.AppStore|iPhone.Deploy.0 = AppStore|iPhone
		{B3B6AABD-1B6A-45E8-B67A-A2DE7A574066}.AppStore|iPhoneSimulator.ActiveCfg = AppStore|iPhoneSimulator
		{B3B6AABD-1B6A-45E8-B67A-A2DE7A574066}.AppStore|iPhoneSimulator.Build.0 = AppStore|iPhoneSimulator
		{B3B6AABD-1B6A-45E8-B67A-A2DE7A574066}.AppStore|iPhoneSimulator.Deploy.0 = AppStore|iPhoneSimulator
		{B3B6AABD-1B6A-45E8-B67A-A2DE7A574066}.AppStore|x64.ActiveCfg = AppStore|iPhone
		{B3B6AABD-1B6A-45E8-B67A-A2DE7A574066}.AppStore|x64.Build.0 = AppStore|iPhone
		{B3B6AABD-1B6A-45E8-B67A-A2DE7A574066}.AppStore|x64.Deploy.0 = AppStore|iPhone
		{B3B6AABD-1B6A-45E8-B67A-A2DE7A574066}.AppStore|x86.ActiveCfg = AppStore|iPhone
		{B3B6AABD-1B6A-45E8-B67A-A2DE7A574066}.AppStore|x86.Build.0 = AppStore|iPhone
		{B3B6AABD-1B6A-45E8-B67A-A2DE7A574066}.AppStore|x86.Deploy.0 = AppStore|iPhone
		{B3B6AABD-1B6A-45E8-B67A-A2DE7A574066}.Debug|Any CPU.ActiveCfg = Debug|iPhoneSimulator
		{B3B6AABD-1B6A-45E8-B67A-A2DE7A574066}.Debug|Any CPU.Build.0 = Debug|iPhoneSimulator
		{B3B6AABD-1B6A-45E8-B67A-A2DE7A574066}.Debug|Any CPU.Deploy.0 = Debug|iPhoneSimulator
		{B3B6AABD-1B6A-45E8-B67A-A2DE7A574066}.Debug|ARM.ActiveCfg = Debug|iPhone
		{B3B6AABD-1B6A-45E8-B67A-A2DE7A574066}.Debug|ARM.Build.0 = Debug|iPhone
		{B3B6AABD-1B6A-45E8-B67A-A2DE7A574066}.Debug|ARM.Deploy.0 = Debug|iPhone
		{B3B6AABD-1B6A-45E8-B67A-A2DE7A574066}.Debug|iPhone.ActiveCfg = Debug|iPhone
		{B3B6AABD-1B6A-45E8-B67A-A2DE7A574066}.Debug|iPhone.Build.0 = Debug|iPhone
		{B3B6AABD-1B6A-45E8-B67A-A2DE7A574066}.Debug|iPhone.Deploy.0 = Debug|iPhone
		{B3B6AABD-1B6A-45E8-B67A-A2DE7A574066}.Debug|iPhoneSimulator.ActiveCfg = Debug|iPhoneSimulator
		{B3B6AABD-1B6A-45E8-B67A-A2DE7A574066}.Debug|iPhoneSimulator.Build.0 = Debug|iPhoneSimulator
		{B3B6AABD-1B6A-45E8-B67A-A2DE7A574066}.Debug|iPhoneSimulator.Deploy.0 = Debug|iPhoneSimulator
		{B3B6AABD-1B6A-45E8-B67A-A2DE7A574066}.Debug|x64.ActiveCfg = Debug|iPhone
		{B3B6AABD-1B6A-45E8-B67A-A2DE7A574066}.Debug|x64.Build.0 = Debug|iPhone
		{B3B6AABD-1B6A-45E8-B67A-A2DE7A574066}.Debug|x64.Deploy.0 = Debug|iPhone
		{B3B6AABD-1B6A-45E8-B67A-A2DE7A574066}.Debug|x86.ActiveCfg = Debug|iPhone
		{B3B6AABD-1B6A-45E8-B67A-A2DE7A574066}.Debug|x86.Build.0 = Debug|iPhone
		{B3B6AABD-1B6A-45E8-B67A-A2DE7A574066}.Debug|x86.Deploy.0 = Debug|iPhone
		{B3B6AABD-1B6A-45E8-B67A-A2DE7A574066}.Release|Any CPU.ActiveCfg = Release|iPhone
		{B3B6AABD-1B6A-45E8-B67A-A2DE7A574066}.Release|Any CPU.Build.0 = Release|iPhone
		{B3B6AABD-1B6A-45E8-B67A-A2DE7A574066}.Release|Any CPU.Deploy.0 = Release|iPhone
		{B3B6AABD-1B6A-45E8-B67A-A2DE7A574066}.Release|ARM.ActiveCfg = Release|iPhone
		{B3B6AABD-1B6A-45E8-B67A-A2DE7A574066}.Release|ARM.Build.0 = Release|iPhone
		{B3B6AABD-1B6A-45E8-B67A-A2DE7A574066}.Release|ARM.Deploy.0 = Release|iPhone
		{B3B6AABD-1B6A-45E8-B67A-A2DE7A574066}.Release|iPhone.ActiveCfg = Release|iPhone
		{B3B6AABD-1B6A-45E8-B67A-A2DE7A574066}.Release|iPhone.Build.0 = Release|iPhone
		{B3B6AABD-1B6A-45E8-B67A-A2DE7A574066}.Release|iPhone.Deploy.0 = Release|iPhone
		{B3B6AABD-1B6A-45E8-B67A-A2DE7A574066}.Release|iPhoneSimulator.ActiveCfg = Release|iPhoneSimulator
		{B3B6AABD-1B6A-45E8-B67A-A2DE7A574066}.Release|iPhoneSimulator.Build.0 = Release|iPhoneSimulator
		{B3B6AABD-1B6A-45E8-B67A-A2DE7A574066}.Release|iPhoneSimulator.Deploy.0 = Release|iPhoneSimulator
		{B3B6AABD-1B6A-45E8-B67A-A2DE7A574066}.Release|x64.ActiveCfg = Release|iPhone
		{B3B6AABD-1B6A-45E8-B67A-A2DE7A574066}.Release|x64.Build.0 = Release|iPhone
		{B3B6AABD-1B6A-45E8-B67A-A2DE7A574066}.Release|x64.Deploy.0 = Release|iPhone
		{B3B6AABD-1B6A-45E8-B67A-A2DE7A574066}.Release|x86.ActiveCfg = Release|iPhone
		{B3B6AABD-1B6A-45E8-B67A-A2DE7A574066}.Release|x86.Build.0 = Release|iPhone
		{B3B6AABD-1B6A-45E8-B67A-A2DE7A574066}.Release|x86.Deploy.0 = Release|iPhone
		{E36A8438-1330-449B-B427-BD86454C77C5}.Ad-Hoc|Any CPU.ActiveCfg = Release|x86
		{E36A8438-1330-449B-B427-BD86454C77C5}.Ad-Hoc|Any CPU.Build.0 = Release|x86
		{E36A8438-1330-449B-B427-BD86454C77C5}.Ad-Hoc|Any CPU.Deploy.0 = Release|x86
		{E36A8438-1330-449B-B427-BD86454C77C5}.Ad-Hoc|ARM.ActiveCfg = Release|ARM
		{E36A8438-1330-449B-B427-BD86454C77C5}.Ad-Hoc|ARM.Build.0 = Release|ARM
		{E36A8438-1330-449B-B427-BD86454C77C5}.Ad-Hoc|ARM.Deploy.0 = Release|ARM
		{E36A8438-1330-449B-B427-BD86454C77C5}.Ad-Hoc|iPhone.ActiveCfg = Release|x86
		{E36A8438-1330-449B-B427-BD86454C77C5}.Ad-Hoc|iPhone.Build.0 = Release|x86
		{E36A8438-1330-449B-B427-BD86454C77C5}.Ad-Hoc|iPhone.Deploy.0 = Release|x86
		{E36A8438-1330-449B-B427-BD86454C77C5}.Ad-Hoc|iPhoneSimulator.ActiveCfg = Release|x86
		{E36A8438-1330-449B-B427-BD86454C77C5}.Ad-Hoc|iPhoneSimulator.Build.0 = Release|x86
		{E36A8438-1330-449B-B427-BD86454C77C5}.Ad-Hoc|iPhoneSimulator.Deploy.0 = Release|x86
		{E36A8438-1330-449B-B427-BD86454C77C5}.Ad-Hoc|x64.ActiveCfg = Release|x64
		{E36A8438-1330-449B-B427-BD86454C77C5}.Ad-Hoc|x64.Build.0 = Release|x64
		{E36A8438-1330-449B-B427-BD86454C77C5}.Ad-Hoc|x64.Deploy.0 = Release|x64
		{E36A8438-1330-449B-B427-BD86454C77C5}.Ad-Hoc|x86.ActiveCfg = Release|x86
		{E36A8438-1330-449B-B427-BD86454C77C5}.Ad-Hoc|x86.Build.0 = Release|x86
		{E36A8438-1330-449B-B427-BD86454C77C5}.Ad-Hoc|x86.Deploy.0 = Release|x86
		{E36A8438-1330-449B-B427-BD86454C77C5}.AppStore|Any CPU.ActiveCfg = Release|x86
		{E36A8438-1330-449B-B427-BD86454C77C5}.AppStore|Any CPU.Build.0 = Release|x86
		{E36A8438-1330-449B-B427-BD86454C77C5}.AppStore|Any CPU.Deploy.0 = Release|x86
		{E36A8438-1330-449B-B427-BD86454C77C5}.AppStore|ARM.ActiveCfg = Release|ARM
		{E36A8438-1330-449B-B427-BD86454C77C5}.AppStore|ARM.Build.0 = Release|ARM
		{E36A8438-1330-449B-B427-BD86454C77C5}.AppStore|ARM.Deploy.0 = Release|ARM
		{E36A8438-1330-449B-B427-BD86454C77C5}.AppStore|iPhone.ActiveCfg = Release|x86
		{E36A8438-1330-449B-B427-BD86454C77C5}.AppStore|iPhone.Build.0 = Release|x86
		{E36A8438-1330-449B-B427-BD86454C77C5}.AppStore|iPhone.Deploy.0 = Release|x86
		{E36A8438-1330-449B-B427-BD86454C77C5}.AppStore|iPhoneSimulator.ActiveCfg = Release|x86
		{E36A8438-1330-449B-B427-BD86454C77C5}.AppStore|iPhoneSimulator.Build.0 = Release|x86
		{E36A8438-1330-449B-B427-BD86454C77C5}.AppStore|iPhoneSimulator.Deploy.0 = Release|x86
		{E36A8438-1330-449B-B427-BD86454C77C5}.AppStore|x64.ActiveCfg = Release|x64
		{E36A8438-1330-449B-B427-BD86454C77C5}.AppStore|x64.Build.0 = Release|x64
		{E36A8438-1330-449B-B427-BD86454C77C5}.AppStore|x64.Deploy.0 = Release|x64
		{E36A8438-1330-449B-B427-BD86454C77C5}.AppStore|x86.ActiveCfg = Release|x86
		{E36A8438-1330-449B-B427-BD86454C77C5}.AppStore|x86.Build.0 = Release|x86
		{E36A8438-1330-449B-B427-BD86454C77C5}.AppStore|x86.Deploy.0 = Release|x86
		{E36A8438-1330-449B-B427-BD86454C77C5}.Debug|Any CPU.ActiveCfg = Debug|x86
		{E36A8438-1330-449B-B427-BD86454C77C5}.Debug|Any CPU.Build.0 = Debug|x86
		{E36A8438-1330-449B-B427-BD86454C77C5}.Debug|Any CPU.Deploy.0 = Debug|x86
		{E36A8438-1330-449B-B427-BD86454C77C5}.Debug|ARM.ActiveCfg = Debug|ARM
		{E36A8438-1330-449B-B427-BD86454C77C5}.Debug|ARM.Build.0 = Debug|ARM
		{E36A8438-1330-449B-B427-BD86454C77C5}.Debug|ARM.Deploy.0 = Debug|ARM
		{E36A8438-1330-449B-B427-BD86454C77C5}.Debug|iPhone.ActiveCfg = Debug|x86
		{E36A8438-1330-449B-B427-BD86454C77C5}.Debug|iPhone.Build.0 = Debug|x86
		{E36A8438-1330-449B-B427-BD86454C77C5}.Debug|iPhone.Deploy.0 = Debug|x86
		{E36A8438-1330-449B-B427-BD86454C77C5}.Debug|iPhoneSimulator.ActiveCfg = Debug|x86
		{E36A8438-1330-449B-B427-BD86454C77C5}.Debug|iPhoneSimulator.Build.0 = Debug|x86
		{E36A8438-1330-449B-B427-BD86454C77C5}.Debug|iPhoneSimulator.Deploy.0 = Debug|x86
		{E36A8438-1330-449B-B427-BD86454C77C5}.Debug|x64.ActiveCfg = Debug|x64
		{E36A8438-1330-449B-B427-BD86454C77C5}.Debug|x64.Build.0 = Debug|x64
		{E36A8438-1330-449B-B427-BD86454C77C5}.Debug|x64.Deploy.0 = Debug|x64
		{E36A8438-1330-449B-B427-BD86454C77C5}.Debug|x86.ActiveCfg = Debug|x86
		{E36A8438-1330-449B-B427-BD86454C77C5}.Debug|x86.Build.0 = Debug|x86
		{E36A8438-1330-449B-B427-BD86454C77C5}.Debug|x86.Deploy.0 = Debug|x86
		{E36A8438-1330-449B-B427-BD86454C77C5}.Release|Any CPU.ActiveCfg = Release|x86
		{E36A8438-1330-449B-B427-BD86454C77C5}.Release|Any CPU.Build.0 = Release|x86
		{E36A8438-1330-449B-B427-BD86454C77C5}.Release|Any CPU.Deploy.0 = Release|x86
		{E36A8438-1330-449B-B427-BD86454C77C5}.Release|ARM.ActiveCfg = Release|ARM
		{E36A8438-1330-449B-B427-BD86454C77C5}.Release|ARM.Build.0 = Release|ARM
		{E36A8438-1330-449B-B427-BD86454C77C5}.Release|ARM.Deploy.0 = Release|ARM
		{E36A8438-1330-449B-B427-BD86454C77C5}.Release|iPhone.ActiveCfg = Release|x86
		{E36A8438-1330-449B-B427-BD86454C77C5}.Release|iPhone.Build.0 = Release|x86
		{E36A8438-1330-449B-B427-BD86454C77C5}.Release|iPhone.Deploy.0 = Release|x86
		{E36A8438-1330-449B-B427-BD86454C77C5}.Release|iPhoneSimulator.ActiveCfg = Release|x86
		{E36A8438-1330-449B-B427-BD86454C77C5}.Release|iPhoneSimulator.Build.0 = Release|x86
		{E36A8438-1330-449B-B427-BD86454C77C5}.Release|iPhoneSimulator.Deploy.0 = Release|x86
		{E36A8438-1330-449B-B427-BD86454C77C5}.Release|x64.ActiveCfg = Release|x64
		{E36A8438-1330-449B-B427-BD86454C77C5}.Release|x64.Build.0 = Release|x64
		{E36A8438-1330-449B-B427-BD86454C77C5}.Release|x64.Deploy.0 = Release|x64
		{E36A8438-1330-449B-B427-BD86454C77C5}.Release|x86.ActiveCfg = Release|x86
		{E36A8438-1330-449B-B427-BD86454C77C5}.Release|x86.Build.0 = Release|x86
		{E36A8438-1330-449B-B427-BD86454C77C5}.Release|x86.Deploy.0 = Release|x86
		{6BF6AAB5-10B1-4FF0-BF0B-D07DA221978D}.Ad-Hoc|Any CPU.ActiveCfg = Debug|Any CPU
		{6BF6AAB5-10B1-4FF0-BF0B-D07DA221978D}.Ad-Hoc|Any CPU.Build.0 = Debug|Any CPU
		{6BF6AAB5-10B1-4FF0-BF0B-D07DA221978D}.Ad-Hoc|Any CPU.Deploy.0 = Debug|Any CPU
		{6BF6AAB5-10B1-4FF0-BF0B-D07DA221978D}.Ad-Hoc|ARM.ActiveCfg = Debug|Any CPU
		{6BF6AAB5-10B1-4FF0-BF0B-D07DA221978D}.Ad-Hoc|ARM.Build.0 = Debug|Any CPU
		{6BF6AAB5-10B1-4FF0-BF0B-D07DA221978D}.Ad-Hoc|ARM.Deploy.0 = Debug|Any CPU
		{6BF6AAB5-10B1-4FF0-BF0B-D07DA221978D}.Ad-Hoc|iPhone.ActiveCfg = Debug|Any CPU
		{6BF6AAB5-10B1-4FF0-BF0B-D07DA221978D}.Ad-Hoc|iPhone.Build.0 = Debug|Any CPU
		{6BF6AAB5-10B1-4FF0-BF0B-D07DA221978D}.Ad-Hoc|iPhone.Deploy.0 = Debug|Any CPU
		{6BF6AAB5-10B1-4FF0-BF0B-D07DA221978D}.Ad-Hoc|iPhoneSimulator.ActiveCfg = Debug|Any CPU
		{6BF6AAB5-10B1-4FF0-BF0B-D07DA221978D}.Ad-Hoc|iPhoneSimulator.Build.0 = Debug|Any CPU
		{6BF6AAB5-10B1-4FF0-BF0B-D07DA221978D}.Ad-Hoc|iPhoneSimulator.Deploy.0 = Debug|Any CPU
		{6BF6AAB5-10B1-4FF0-BF0B-D07DA221978D}.Ad-Hoc|x64.ActiveCfg = Debug|Any CPU
		{6BF6AAB5-10B1-4FF0-BF0B-D07DA221978D}.Ad-Hoc|x64.Build.0 = Debug|Any CPU
		{6BF6AAB5-10B1-4FF0-BF0B-D07DA221978D}.Ad-Hoc|x64.Deploy.0 = Debug|Any CPU
		{6BF6AAB5-10B1-4FF0-BF0B-D07DA221978D}.Ad-Hoc|x86.ActiveCfg = Debug|Any CPU
		{6BF6AAB5-10B1-4FF0-BF0B-D07DA221978D}.Ad-Hoc|x86.Build.0 = Debug|Any CPU
		{6BF6AAB5-10B1-4FF0-BF0B-D07DA221978D}.Ad-Hoc|x86.Deploy.0 = Debug|Any CPU
		{6BF6AAB5-10B1-4FF0-BF0B-D07DA221978D}.AppStore|Any CPU.ActiveCfg = Debug|Any CPU
		{6BF6AAB5-10B1-4FF0-BF0B-D07DA221978D}.AppStore|Any CPU.Build.0 = Debug|Any CPU
		{6BF6AAB5-10B1-4FF0-BF0B-D07DA221978D}.AppStore|Any CPU.Deploy.0 = Debug|Any CPU
		{6BF6AAB5-10B1-4FF0-BF0B-D07DA221978D}.AppStore|ARM.ActiveCfg = Debug|Any CPU
		{6BF6AAB5-10B1-4FF0-BF0B-D07DA221978D}.AppStore|ARM.Build.0 = Debug|Any CPU
		{6BF6AAB5-10B1-4FF0-BF0B-D07DA221978D}.AppStore|ARM.Deploy.0 = Debug|Any CPU
		{6BF6AAB5-10B1-4FF0-BF0B-D07DA221978D}.AppStore|iPhone.ActiveCfg = Debug|Any CPU
		{6BF6AAB5-10B1-4FF0-BF0B-D07DA221978D}.AppStore|iPhone.Build.0 = Debug|Any CPU
		{6BF6AAB5-10B1-4FF0-BF0B-D07DA221978D}.AppStore|iPhone.Deploy.0 = Debug|Any CPU
		{6BF6AAB5-10B1-4FF0-BF0B-D07DA221978D}.AppStore|iPhoneSimulator.ActiveCfg = Debug|Any CPU
		{6BF6AAB5-10B1-4FF0-BF0B-D07DA221978D}.AppStore|iPhoneSimulator.Build.0 = Debug|Any CPU
		{6BF6AAB5-10B1-4FF0-BF0B-D07DA221978D}.AppStore|iPhoneSimulator.Deploy.0 = Debug|Any CPU
		{6BF6AAB5-10B1-4FF0-BF0B-D07DA221978D}.AppStore|x64.ActiveCfg = Debug|Any CPU
		{6BF6AAB5-10B1-4FF0-BF0B-D07DA221978D}.AppStore|x64.Build.0 = Debug|Any CPU
		{6BF6AAB5-10B1-4FF0-BF0B-D07DA221978D}.AppStore|x64.Deploy.0 = Debug|Any CPU
		{6BF6AAB5-10B1-4FF0-BF0B-D07DA221978D}.AppStore|x86.ActiveCfg = Debug|Any CPU
		{6BF6AAB5-10B1-4FF0-BF0B-D07DA221978D}.AppStore|x86.Build.0 = Debug|Any CPU
		{6BF6AAB5-10B1-4FF0-BF0B-D07DA221978D}.AppStore|x86.Deploy.0 = Debug|Any CPU
		{6BF6AAB5-10B1-4FF0-BF0B-D07DA221978D}.Debug|Any CPU.ActiveCfg = Debug|Any CPU
		{6BF6AAB5-10B1-4FF0-BF0B-D07DA221978D}.Debug|Any CPU.Build.0 = Debug|Any CPU
		{6BF6AAB5-10B1-4FF0-BF0B-D07DA221978D}.Debug|Any CPU.Deploy.0 = Debug|Any CPU
		{6BF6AAB5-10B1-4FF0-BF0B-D07DA221978D}.Debug|ARM.ActiveCfg = Debug|Any CPU
		{6BF6AAB5-10B1-4FF0-BF0B-D07DA221978D}.Debug|ARM.Build.0 = Debug|Any CPU
		{6BF6AAB5-10B1-4FF0-BF0B-D07DA221978D}.Debug|ARM.Deploy.0 = Debug|Any CPU
		{6BF6AAB5-10B1-4FF0-BF0B-D07DA221978D}.Debug|iPhone.ActiveCfg = Debug|Any CPU
		{6BF6AAB5-10B1-4FF0-BF0B-D07DA221978D}.Debug|iPhone.Build.0 = Debug|Any CPU
		{6BF6AAB5-10B1-4FF0-BF0B-D07DA221978D}.Debug|iPhone.Deploy.0 = Debug|Any CPU
		{6BF6AAB5-10B1-4FF0-BF0B-D07DA221978D}.Debug|iPhoneSimulator.ActiveCfg = Debug|Any CPU
		{6BF6AAB5-10B1-4FF0-BF0B-D07DA221978D}.Debug|iPhoneSimulator.Build.0 = Debug|Any CPU
		{6BF6AAB5-10B1-4FF0-BF0B-D07DA221978D}.Debug|iPhoneSimulator.Deploy.0 = Debug|Any CPU
		{6BF6AAB5-10B1-4FF0-BF0B-D07DA221978D}.Debug|x64.ActiveCfg = Debug|Any CPU
		{6BF6AAB5-10B1-4FF0-BF0B-D07DA221978D}.Debug|x64.Build.0 = Debug|Any CPU
		{6BF6AAB5-10B1-4FF0-BF0B-D07DA221978D}.Debug|x64.Deploy.0 = Debug|Any CPU
		{6BF6AAB5-10B1-4FF0-BF0B-D07DA221978D}.Debug|x86.ActiveCfg = Debug|Any CPU
		{6BF6AAB5-10B1-4FF0-BF0B-D07DA221978D}.Debug|x86.Build.0 = Debug|Any CPU
		{6BF6AAB5-10B1-4FF0-BF0B-D07DA221978D}.Debug|x86.Deploy.0 = Debug|Any CPU
		{6BF6AAB5-10B1-4FF0-BF0B-D07DA221978D}.Release|Any CPU.ActiveCfg = Release|Any CPU
		{6BF6AAB5-10B1-4FF0-BF0B-D07DA221978D}.Release|Any CPU.Build.0 = Release|Any CPU
		{6BF6AAB5-10B1-4FF0-BF0B-D07DA221978D}.Release|Any CPU.Deploy.0 = Release|Any CPU
		{6BF6AAB5-10B1-4FF0-BF0B-D07DA221978D}.Release|ARM.ActiveCfg = Release|Any CPU
		{6BF6AAB5-10B1-4FF0-BF0B-D07DA221978D}.Release|ARM.Build.0 = Release|Any CPU
		{6BF6AAB5-10B1-4FF0-BF0B-D07DA221978D}.Release|ARM.Deploy.0 = Release|Any CPU
		{6BF6AAB5-10B1-4FF0-BF0B-D07DA221978D}.Release|iPhone.ActiveCfg = Release|Any CPU
		{6BF6AAB5-10B1-4FF0-BF0B-D07DA221978D}.Release|iPhone.Build.0 = Release|Any CPU
		{6BF6AAB5-10B1-4FF0-BF0B-D07DA221978D}.Release|iPhone.Deploy.0 = Release|Any CPU
		{6BF6AAB5-10B1-4FF0-BF0B-D07DA221978D}.Release|iPhoneSimulator.ActiveCfg = Release|Any CPU
		{6BF6AAB5-10B1-4FF0-BF0B-D07DA221978D}.Release|iPhoneSimulator.Build.0 = Release|Any CPU
		{6BF6AAB5-10B1-4FF0-BF0B-D07DA221978D}.Release|iPhoneSimulator.Deploy.0 = Release|Any CPU
		{6BF6AAB5-10B1-4FF0-BF0B-D07DA221978D}.Release|x64.ActiveCfg = Release|Any CPU
		{6BF6AAB5-10B1-4FF0-BF0B-D07DA221978D}.Release|x64.Build.0 = Release|Any CPU
		{6BF6AAB5-10B1-4FF0-BF0B-D07DA221978D}.Release|x64.Deploy.0 = Release|Any CPU
		{6BF6AAB5-10B1-4FF0-BF0B-D07DA221978D}.Release|x86.ActiveCfg = Release|Any CPU
		{6BF6AAB5-10B1-4FF0-BF0B-D07DA221978D}.Release|x86.Build.0 = Release|Any CPU
		{6BF6AAB5-10B1-4FF0-BF0B-D07DA221978D}.Release|x86.Deploy.0 = Release|Any CPU
	EndGlobalSection
	GlobalSection(SolutionProperties) = preSolution
		HideSolutionNode = FALSE
	EndGlobalSection
	GlobalSection(ExtensibilityGlobals) = postSolution
		SolutionGuid = {D1309D45-7B72-4CA4-B4BD-9866E732B4D2}
	EndGlobalSection
EndGlobal
